
Microsoft Visual Studio Solution File, Format Version 12.00
# Visual Studio 2012
Project("{FAE04EC0-301F-11D3-BF4B-00C04F79EFBC}") = "MailFire", "MailFire\MailFire.csproj", "{C0751392-E395-44F9-9EA4-ADFA1F1D85BE}"
EndProject
Project("{FAE04EC0-301F-11D3-BF4B-00C04F79EFBC}") = "MailFire.Tests", "MailFire.Tests\MailFire.Tests.csproj", "{0CC6DD07-DDF3-4203-B4AD-4A7FD36DDDE9}"
EndProject
Global
	GlobalSection(SolutionConfigurationPlatforms) = preSolution
		Debug|Any CPU = Debug|Any CPU
		Release|Any CPU = Release|Any CPU
	EndGlobalSection
	GlobalSection(ProjectConfigurationPlatforms) = postSolution
		{C0751392-E395-44F9-9EA4-ADFA1F1D85BE}.Debug|Any CPU.ActiveCfg = Debug|Any CPU
		{C0751392-E395-44F9-9EA4-ADFA1F1D85BE}.Debug|Any CPU.Build.0 = Debug|Any CPU
		{C0751392-E395-44F9-9EA4-ADFA1F1D85BE}.Release|Any CPU.ActiveCfg = Release|Any CPU
		{C0751392-E395-44F9-9EA4-ADFA1F1D85BE}.Release|Any CPU.Build.0 = Release|Any CPU
		{0CC6DD07-DDF3-4203-B4AD-4A7FD36DDDE9}.Debug|Any CPU.ActiveCfg = Debug|Any CPU
		{0CC6DD07-DDF3-4203-B4AD-4A7FD36DDDE9}.Debug|Any CPU.Build.0 = Debug|Any CPU
		{0CC6DD07-DDF3-4203-B4AD-4A7FD36DDDE9}.Release|Any CPU.ActiveCfg = Release|Any CPU
		{0CC6DD07-DDF3-4203-B4AD-4A7FD36DDDE9}.Release|Any CPU.Build.0 = Release|Any CPU
	EndGlobalSection
	GlobalSection(SolutionProperties) = preSolution
		HideSolutionNode = FALSE
	EndGlobalSection
EndGlobal
